// !$*UTF8*$!
{
	archiveVersion = 1;
	classes = {
	};
	objectVersion = 51;
	objects = {

/* Begin PBXBuildFile section */
		08E4F18122E037010052C0FE /* DetailCollectionViewCell.swift in Sources */ = {isa = PBXBuildFile; fileRef = 08E4F18022E037010052C0FE /* DetailCollectionViewCell.swift */; };
		8E25416622DC39C10017C8BB /* Pan.swift in Sources */ = {isa = PBXBuildFile; fileRef = 8E25416522DC39C10017C8BB /* Pan.swift */; };
		8E25416822DC440C0017C8BB /* Tilt.swift in Sources */ = {isa = PBXBuildFile; fileRef = 8E25416722DC440C0017C8BB /* Tilt.swift */; };
		8E25416A22DE26840017C8BB /* CoreDataHelper.swift in Sources */ = {isa = PBXBuildFile; fileRef = 8E25416922DE26840017C8BB /* CoreDataHelper.swift */; };
		8E25416D22DEC9770017C8BB /* DataController.swift in Sources */ = {isa = PBXBuildFile; fileRef = 8E25416C22DEC9770017C8BB /* DataController.swift */; };
		8E25417222DECEEF0017C8BB /* Status.storyboard in Resources */ = {isa = PBXBuildFile; fileRef = 8E25417122DECEEF0017C8BB /* Status.storyboard */; };
		8E25417522DECF360017C8BB /* StatusViewController.swift in Sources */ = {isa = PBXBuildFile; fileRef = 8E25417422DECF360017C8BB /* StatusViewController.swift */; };
		8E25417822DED1E30017C8BB /* MovementDetection.swift in Sources */ = {isa = PBXBuildFile; fileRef = 8E25417722DED1E30017C8BB /* MovementDetection.swift */; };
		8E2576AB22E3171900B30374 /* CreditViewController.swift in Sources */ = {isa = PBXBuildFile; fileRef = 8E2576AA22E3171900B30374 /* CreditViewController.swift */; };
		8E7BAB5422DF7ACD00E51EC7 /* Plane.swift in Sources */ = {isa = PBXBuildFile; fileRef = 8E7BAB5322DF7ACD00E51EC7 /* Plane.swift */; };
		8E7BAB6122E0012E00E51EC7 /* PAN.json in Resources */ = {isa = PBXBuildFile; fileRef = 8E7BAB5522E0012E00E51EC7 /* PAN.json */; };
		8E7BAB6222E0012E00E51EC7 /* DOLLY IN.json in Resources */ = {isa = PBXBuildFile; fileRef = 8E7BAB5622E0012E00E51EC7 /* DOLLY IN.json */; };
		8E7BAB6322E0012E00E51EC7 /* img_1.png in Resources */ = {isa = PBXBuildFile; fileRef = 8E7BAB5822E0012E00E51EC7 /* img_1.png */; };
		8E7BAB6422E0012E00E51EC7 /* img_0.png in Resources */ = {isa = PBXBuildFile; fileRef = 8E7BAB5922E0012E00E51EC7 /* img_0.png */; };
		8E7BAB6522E0012E00E51EC7 /* img_2.png in Resources */ = {isa = PBXBuildFile; fileRef = 8E7BAB5A22E0012E00E51EC7 /* img_2.png */; };
		8E7BAB6622E0012E00E51EC7 /* img_3.png in Resources */ = {isa = PBXBuildFile; fileRef = 8E7BAB5B22E0012E00E51EC7 /* img_3.png */; };
		8E7BAB6722E0012E00E51EC7 /* img_6.png in Resources */ = {isa = PBXBuildFile; fileRef = 8E7BAB5C22E0012E00E51EC7 /* img_6.png */; };
		8E7BAB6822E0012E00E51EC7 /* img_4.png in Resources */ = {isa = PBXBuildFile; fileRef = 8E7BAB5D22E0012E00E51EC7 /* img_4.png */; };
		8E7BAB6922E0012E00E51EC7 /* img_5.png in Resources */ = {isa = PBXBuildFile; fileRef = 8E7BAB5E22E0012E00E51EC7 /* img_5.png */; };
		8E7BAB6A22E0012E00E51EC7 /* Tilt.json in Resources */ = {isa = PBXBuildFile; fileRef = 8E7BAB5F22E0012E00E51EC7 /* Tilt.json */; };
		8E7BAB6B22E0012E00E51EC7 /* ZoomInMovement.json in Resources */ = {isa = PBXBuildFile; fileRef = 8E7BAB6022E0012E00E51EC7 /* ZoomInMovement.json */; };
		8E7BAB7122E05E6E00E51EC7 /* Shot.swift in Sources */ = {isa = PBXBuildFile; fileRef = 8E7BAB7022E05E6E00E51EC7 /* Shot.swift */; };
		8E7BAB7322E07B9A00E51EC7 /* Angle.swift in Sources */ = {isa = PBXBuildFile; fileRef = 8E7BAB7222E07B9A00E51EC7 /* Angle.swift */; };
		8E7BAB7522E1F06300E51EC7 /* PlaneAnimation.json in Resources */ = {isa = PBXBuildFile; fileRef = 8E7BAB7422E1F06300E51EC7 /* PlaneAnimation.json */; };
		8EAE1BD122DF1F3900AC3B51 /* Dolly.swift in Sources */ = {isa = PBXBuildFile; fileRef = 8EAE1BD022DF1F3900AC3B51 /* Dolly.swift */; };
		8EAE1BD522DF49D500AC3B51 /* Tracking.swift in Sources */ = {isa = PBXBuildFile; fileRef = 8EAE1BD422DF49D400AC3B51 /* Tracking.swift */; };
		A40556A56492FB822EFE9FF9 /* Pods_VideoVersionTwo.framework in Frameworks */ = {isa = PBXBuildFile; fileRef = FADCC03ADA2750222ABC6EA8 /* Pods_VideoVersionTwo.framework */; };
		D374259722D7920A00F36000 /* AppDelegate.swift in Sources */ = {isa = PBXBuildFile; fileRef = D374259622D7920A00F36000 /* AppDelegate.swift */; };
		D374259922D7920A00F36000 /* ViewController.swift in Sources */ = {isa = PBXBuildFile; fileRef = D374259822D7920A00F36000 /* ViewController.swift */; };
		D374259C22D7920A00F36000 /* Main.storyboard in Resources */ = {isa = PBXBuildFile; fileRef = D374259A22D7920A00F36000 /* Main.storyboard */; };
		D374259F22D7920A00F36000 /* VideoVersionTwo.xcdatamodeld in Sources */ = {isa = PBXBuildFile; fileRef = D374259D22D7920A00F36000 /* VideoVersionTwo.xcdatamodeld */; };
		D37425A122D7920A00F36000 /* Assets.xcassets in Resources */ = {isa = PBXBuildFile; fileRef = D37425A022D7920A00F36000 /* Assets.xcassets */; };
		D37425A422D7920A00F36000 /* LaunchScreen.storyboard in Resources */ = {isa = PBXBuildFile; fileRef = D37425A222D7920A00F36000 /* LaunchScreen.storyboard */; };
		D37425AC22D7933000F36000 /* PageViewController.swift in Sources */ = {isa = PBXBuildFile; fileRef = D37425AB22D7933000F36000 /* PageViewController.swift */; };
		D383269B22D87F5900C53AA7 /* ARViewController.swift in Sources */ = {isa = PBXBuildFile; fileRef = D383269A22D87F5900C53AA7 /* ARViewController.swift */; };
		D391258A22E1A0EB00DF4183 /* Extension.swift in Sources */ = {isa = PBXBuildFile; fileRef = D391258922E1A0EB00DF4183 /* Extension.swift */; };
		D3D9411F22DC138800B2DCC0 /* art.scnassets in Resources */ = {isa = PBXBuildFile; fileRef = D3D9411E22DC138800B2DCC0 /* art.scnassets */; };
		D3ED962422DC7D5C0086F3DC /* DetailsViewController.swift in Sources */ = {isa = PBXBuildFile; fileRef = D3ED962322DC7D5C0086F3DC /* DetailsViewController.swift */; };
		D3ED962622DC7DE30086F3DC /* CollectionViewCell.swift in Sources */ = {isa = PBXBuildFile; fileRef = D3ED962522DC7DE30086F3DC /* CollectionViewCell.swift */; };
		D3ED962822DC7E3A0086F3DC /* HomeViewController.swift in Sources */ = {isa = PBXBuildFile; fileRef = D3ED962722DC7E3A0086F3DC /* HomeViewController.swift */; };
/* End PBXBuildFile section */

/* Begin PBXFileReference section */
		08E4F18022E037010052C0FE /* DetailCollectionViewCell.swift */ = {isa = PBXFileReference; lastKnownFileType = sourcecode.swift; path = DetailCollectionViewCell.swift; sourceTree = "<group>"; };
		4E6F02CAC260ADB94778C18B /* Pods-VideoVersionTwo.release.xcconfig */ = {isa = PBXFileReference; includeInIndex = 1; lastKnownFileType = text.xcconfig; name = "Pods-VideoVersionTwo.release.xcconfig"; path = "Target Support Files/Pods-VideoVersionTwo/Pods-VideoVersionTwo.release.xcconfig"; sourceTree = "<group>"; };
		8E25416522DC39C10017C8BB /* Pan.swift */ = {isa = PBXFileReference; lastKnownFileType = sourcecode.swift; path = Pan.swift; sourceTree = "<group>"; };
		8E25416722DC440C0017C8BB /* Tilt.swift */ = {isa = PBXFileReference; lastKnownFileType = sourcecode.swift; path = Tilt.swift; sourceTree = "<group>"; };
		8E25416922DE26840017C8BB /* CoreDataHelper.swift */ = {isa = PBXFileReference; fileEncoding = 4; lastKnownFileType = sourcecode.swift; path = CoreDataHelper.swift; sourceTree = "<group>"; };
		8E25416C22DEC9770017C8BB /* DataController.swift */ = {isa = PBXFileReference; lastKnownFileType = sourcecode.swift; path = DataController.swift; sourceTree = "<group>"; };
		8E25417122DECEEF0017C8BB /* Status.storyboard */ = {isa = PBXFileReference; fileEncoding = 4; lastKnownFileType = file.storyboard; path = Status.storyboard; sourceTree = "<group>"; };
		8E25417422DECF360017C8BB /* StatusViewController.swift */ = {isa = PBXFileReference; lastKnownFileType = sourcecode.swift; path = StatusViewController.swift; sourceTree = "<group>"; };
		8E25417722DED1E30017C8BB /* MovementDetection.swift */ = {isa = PBXFileReference; lastKnownFileType = sourcecode.swift; path = MovementDetection.swift; sourceTree = "<group>"; };
		8E2576AA22E3171900B30374 /* CreditViewController.swift */ = {isa = PBXFileReference; lastKnownFileType = sourcecode.swift; path = CreditViewController.swift; sourceTree = "<group>"; };
		8E7BAB5322DF7ACD00E51EC7 /* Plane.swift */ = {isa = PBXFileReference; lastKnownFileType = sourcecode.swift; path = Plane.swift; sourceTree = "<group>"; };
		8E7BAB5522E0012E00E51EC7 /* PAN.json */ = {isa = PBXFileReference; fileEncoding = 4; lastKnownFileType = text.json; path = PAN.json; sourceTree = "<group>"; };
		8E7BAB5622E0012E00E51EC7 /* DOLLY IN.json */ = {isa = PBXFileReference; fileEncoding = 4; lastKnownFileType = text.json; path = "DOLLY IN.json"; sourceTree = "<group>"; };
		8E7BAB5822E0012E00E51EC7 /* img_1.png */ = {isa = PBXFileReference; lastKnownFileType = image.png; path = img_1.png; sourceTree = "<group>"; };
		8E7BAB5922E0012E00E51EC7 /* img_0.png */ = {isa = PBXFileReference; lastKnownFileType = image.png; path = img_0.png; sourceTree = "<group>"; };
		8E7BAB5A22E0012E00E51EC7 /* img_2.png */ = {isa = PBXFileReference; lastKnownFileType = image.png; path = img_2.png; sourceTree = "<group>"; };
		8E7BAB5B22E0012E00E51EC7 /* img_3.png */ = {isa = PBXFileReference; lastKnownFileType = image.png; path = img_3.png; sourceTree = "<group>"; };
		8E7BAB5C22E0012E00E51EC7 /* img_6.png */ = {isa = PBXFileReference; lastKnownFileType = image.png; path = img_6.png; sourceTree = "<group>"; };
		8E7BAB5D22E0012E00E51EC7 /* img_4.png */ = {isa = PBXFileReference; lastKnownFileType = image.png; path = img_4.png; sourceTree = "<group>"; };
		8E7BAB5E22E0012E00E51EC7 /* img_5.png */ = {isa = PBXFileReference; lastKnownFileType = image.png; path = img_5.png; sourceTree = "<group>"; };
		8E7BAB5F22E0012E00E51EC7 /* Tilt.json */ = {isa = PBXFileReference; fileEncoding = 4; lastKnownFileType = text.json; path = Tilt.json; sourceTree = "<group>"; };
		8E7BAB6022E0012E00E51EC7 /* ZoomInMovement.json */ = {isa = PBXFileReference; fileEncoding = 4; lastKnownFileType = text.json; path = ZoomInMovement.json; sourceTree = "<group>"; };
		8E7BAB7022E05E6E00E51EC7 /* Shot.swift */ = {isa = PBXFileReference; lastKnownFileType = sourcecode.swift; path = Shot.swift; sourceTree = "<group>"; };
		8E7BAB7222E07B9A00E51EC7 /* Angle.swift */ = {isa = PBXFileReference; lastKnownFileType = sourcecode.swift; path = Angle.swift; sourceTree = "<group>"; };
		8E7BAB7422E1F06300E51EC7 /* PlaneAnimation.json */ = {isa = PBXFileReference; fileEncoding = 4; lastKnownFileType = text.json; path = PlaneAnimation.json; sourceTree = "<group>"; };
		8EAE1BD022DF1F3900AC3B51 /* Dolly.swift */ = {isa = PBXFileReference; lastKnownFileType = sourcecode.swift; path = Dolly.swift; sourceTree = "<group>"; };
		8EAE1BD422DF49D400AC3B51 /* Tracking.swift */ = {isa = PBXFileReference; lastKnownFileType = sourcecode.swift; path = Tracking.swift; sourceTree = "<group>"; };
		D374259322D7920A00F36000 /* VideoVersionTwo.app */ = {isa = PBXFileReference; explicitFileType = wrapper.application; includeInIndex = 0; path = VideoVersionTwo.app; sourceTree = BUILT_PRODUCTS_DIR; };
		D374259622D7920A00F36000 /* AppDelegate.swift */ = {isa = PBXFileReference; lastKnownFileType = sourcecode.swift; path = AppDelegate.swift; sourceTree = "<group>"; };
		D374259822D7920A00F36000 /* ViewController.swift */ = {isa = PBXFileReference; lastKnownFileType = sourcecode.swift; path = ViewController.swift; sourceTree = "<group>"; };
		D374259B22D7920A00F36000 /* Base */ = {isa = PBXFileReference; lastKnownFileType = file.storyboard; name = Base; path = Base.lproj/Main.storyboard; sourceTree = "<group>"; };
		D374259E22D7920A00F36000 /* VideoVersionTwo.xcdatamodel */ = {isa = PBXFileReference; lastKnownFileType = wrapper.xcdatamodel; path = VideoVersionTwo.xcdatamodel; sourceTree = "<group>"; };
		D37425A022D7920A00F36000 /* Assets.xcassets */ = {isa = PBXFileReference; lastKnownFileType = folder.assetcatalog; path = Assets.xcassets; sourceTree = "<group>"; };
		D37425A322D7920A00F36000 /* Base */ = {isa = PBXFileReference; lastKnownFileType = file.storyboard; name = Base; path = Base.lproj/LaunchScreen.storyboard; sourceTree = "<group>"; };
		D37425A522D7920A00F36000 /* Info.plist */ = {isa = PBXFileReference; lastKnownFileType = text.plist.xml; path = Info.plist; sourceTree = "<group>"; };
		D37425AB22D7933000F36000 /* PageViewController.swift */ = {isa = PBXFileReference; lastKnownFileType = sourcecode.swift; path = PageViewController.swift; sourceTree = "<group>"; };
		D383269A22D87F5900C53AA7 /* ARViewController.swift */ = {isa = PBXFileReference; lastKnownFileType = sourcecode.swift; path = ARViewController.swift; sourceTree = "<group>"; };
		D391258922E1A0EB00DF4183 /* Extension.swift */ = {isa = PBXFileReference; lastKnownFileType = sourcecode.swift; path = Extension.swift; sourceTree = "<group>"; };
		D3D9411E22DC138800B2DCC0 /* art.scnassets */ = {isa = PBXFileReference; lastKnownFileType = wrapper.scnassets; path = art.scnassets; sourceTree = "<group>"; };
		D3ED962322DC7D5C0086F3DC /* DetailsViewController.swift */ = {isa = PBXFileReference; lastKnownFileType = sourcecode.swift; path = DetailsViewController.swift; sourceTree = "<group>"; };
		D3ED962522DC7DE30086F3DC /* CollectionViewCell.swift */ = {isa = PBXFileReference; lastKnownFileType = sourcecode.swift; path = CollectionViewCell.swift; sourceTree = "<group>"; };
		D3ED962722DC7E3A0086F3DC /* HomeViewController.swift */ = {isa = PBXFileReference; lastKnownFileType = sourcecode.swift; path = HomeViewController.swift; sourceTree = "<group>"; };
		E5B6BD678D6202F87923C383 /* Pods-VideoVersionTwo.debug.xcconfig */ = {isa = PBXFileReference; includeInIndex = 1; lastKnownFileType = text.xcconfig; name = "Pods-VideoVersionTwo.debug.xcconfig"; path = "Target Support Files/Pods-VideoVersionTwo/Pods-VideoVersionTwo.debug.xcconfig"; sourceTree = "<group>"; };
		FADCC03ADA2750222ABC6EA8 /* Pods_VideoVersionTwo.framework */ = {isa = PBXFileReference; explicitFileType = wrapper.framework; includeInIndex = 0; path = Pods_VideoVersionTwo.framework; sourceTree = BUILT_PRODUCTS_DIR; };
/* End PBXFileReference section */

/* Begin PBXFrameworksBuildPhase section */
		D374259022D7920A00F36000 /* Frameworks */ = {
			isa = PBXFrameworksBuildPhase;
			buildActionMask = 2147483647;
			files = (
				A40556A56492FB822EFE9FF9 /* Pods_VideoVersionTwo.framework in Frameworks */,
			);
			runOnlyForDeploymentPostprocessing = 0;
		};
/* End PBXFrameworksBuildPhase section */

/* Begin PBXGroup section */
		3A5FFD2F7C20B93814AA82AF /* Frameworks */ = {
			isa = PBXGroup;
			children = (
				FADCC03ADA2750222ABC6EA8 /* Pods_VideoVersionTwo.framework */,
			);
			name = Frameworks;
			sourceTree = "<group>";
		};
		5C955261E43947B5C2300D39 /* Pods */ = {
			isa = PBXGroup;
			children = (
				E5B6BD678D6202F87923C383 /* Pods-VideoVersionTwo.debug.xcconfig */,
				4E6F02CAC260ADB94778C18B /* Pods-VideoVersionTwo.release.xcconfig */,
			);
			path = Pods;
			sourceTree = "<group>";
		};
		8E25416B22DEB6F60017C8BB /* Logic */ = {
			isa = PBXGroup;
			children = (
				8E7BAB6F22E05E4100E51EC7 /* Shot */,
				8E7BAB6E22E05E3B00E51EC7 /* Angle */,
				8E7BAB6D22E05E2500E51EC7 /* Movement */,
				8E25416C22DEC9770017C8BB /* DataController.swift */,
			);
			path = Logic;
			sourceTree = "<group>";
		};
		8E25417322DECEFC0017C8BB /* Status */ = {
			isa = PBXGroup;
			children = (
				8E25417122DECEEF0017C8BB /* Status.storyboard */,
				8E25417422DECF360017C8BB /* StatusViewController.swift */,
			);
			path = Status;
			sourceTree = "<group>";
		};
		8E25417622DED19C0017C8BB /* Practice */ = {
			isa = PBXGroup;
			children = (
				D383269A22D87F5900C53AA7 /* ARViewController.swift */,
				8E25417722DED1E30017C8BB /* MovementDetection.swift */,
			);
			path = Practice;
			sourceTree = "<group>";
		};
		8E7BAB5722E0012E00E51EC7 /* images */ = {
			isa = PBXGroup;
			children = (
				8E7BAB5822E0012E00E51EC7 /* img_1.png */,
				8E7BAB5922E0012E00E51EC7 /* img_0.png */,
				8E7BAB5A22E0012E00E51EC7 /* img_2.png */,
				8E7BAB5B22E0012E00E51EC7 /* img_3.png */,
				8E7BAB5C22E0012E00E51EC7 /* img_6.png */,
				8E7BAB5D22E0012E00E51EC7 /* img_4.png */,
				8E7BAB5E22E0012E00E51EC7 /* img_5.png */,
			);
			path = images;
			sourceTree = "<group>";
		};
		8E7BAB6D22E05E2500E51EC7 /* Movement */ = {
			isa = PBXGroup;
			children = (
				8E25416522DC39C10017C8BB /* Pan.swift */,
				8E25416722DC440C0017C8BB /* Tilt.swift */,
				8EAE1BD022DF1F3900AC3B51 /* Dolly.swift */,
				8EAE1BD422DF49D400AC3B51 /* Tracking.swift */,
			);
			path = Movement;
			sourceTree = "<group>";
		};
		8E7BAB6E22E05E3B00E51EC7 /* Angle */ = {
			isa = PBXGroup;
			children = (
				8E7BAB7222E07B9A00E51EC7 /* Angle.swift */,
			);
			path = Angle;
			sourceTree = "<group>";
		};
		8E7BAB6F22E05E4100E51EC7 /* Shot */ = {
			isa = PBXGroup;
			children = (
				8E7BAB7022E05E6E00E51EC7 /* Shot.swift */,
			);
			path = Shot;
			sourceTree = "<group>";
		};
		D374258A22D7920A00F36000 = {
			isa = PBXGroup;
			children = (
				D374259522D7920A00F36000 /* VideoVersionTwo */,
				D374259422D7920A00F36000 /* Products */,
				5C955261E43947B5C2300D39 /* Pods */,
				3A5FFD2F7C20B93814AA82AF /* Frameworks */,
			);
			sourceTree = "<group>";
		};
		D374259422D7920A00F36000 /* Products */ = {
			isa = PBXGroup;
			children = (
				D374259322D7920A00F36000 /* VideoVersionTwo.app */,
			);
			name = Products;
			sourceTree = "<group>";
		};
		D374259522D7920A00F36000 /* VideoVersionTwo */ = {
			isa = PBXGroup;
			children = (
				8E7BAB5622E0012E00E51EC7 /* DOLLY IN.json */,
				8E7BAB5722E0012E00E51EC7 /* images */,
				8E7BAB5522E0012E00E51EC7 /* PAN.json */,
				8E7BAB7422E1F06300E51EC7 /* PlaneAnimation.json */,
				8E7BAB5F22E0012E00E51EC7 /* Tilt.json */,
				8E7BAB6022E0012E00E51EC7 /* ZoomInMovement.json */,
				8E25416B22DEB6F60017C8BB /* Logic */,
				8E25416922DE26840017C8BB /* CoreDataHelper.swift */,
				D3D9411E22DC138800B2DCC0 /* art.scnassets */,
				D374259622D7920A00F36000 /* AppDelegate.swift */,
				D391258922E1A0EB00DF4183 /* Extension.swift */,
				D374259822D7920A00F36000 /* ViewController.swift */,
				D37425AB22D7933000F36000 /* PageViewController.swift */,
				8E25417622DED19C0017C8BB /* Practice */,
				8E25417322DECEFC0017C8BB /* Status */,
				D3ED962722DC7E3A0086F3DC /* HomeViewController.swift */,
				D3ED962522DC7DE30086F3DC /* CollectionViewCell.swift */,
				D3ED962322DC7D5C0086F3DC /* DetailsViewController.swift */,
				08E4F18022E037010052C0FE /* DetailCollectionViewCell.swift */,
				D374259A22D7920A00F36000 /* Main.storyboard */,
				D37425A022D7920A00F36000 /* Assets.xcassets */,
				D37425A222D7920A00F36000 /* LaunchScreen.storyboard */,
				D37425A522D7920A00F36000 /* Info.plist */,
				D374259D22D7920A00F36000 /* VideoVersionTwo.xcdatamodeld */,
				8E7BAB5322DF7ACD00E51EC7 /* Plane.swift */,
				8E2576AA22E3171900B30374 /* CreditViewController.swift */,
			);
			path = VideoVersionTwo;
			sourceTree = "<group>";
		};
/* End PBXGroup section */

/* Begin PBXNativeTarget section */
		D374259222D7920A00F36000 /* VideoVersionTwo */ = {
			isa = PBXNativeTarget;
			buildConfigurationList = D37425A822D7920A00F36000 /* Build configuration list for PBXNativeTarget "VideoVersionTwo" */;
			buildPhases = (
				415D79A0BDC4B6680A0FD8DF /* [CP] Check Pods Manifest.lock */,
				D374258F22D7920A00F36000 /* Sources */,
				D374259022D7920A00F36000 /* Frameworks */,
				D374259122D7920A00F36000 /* Resources */,
				814821AAC29092E3F82A32FD /* [CP] Embed Pods Frameworks */,
			);
			buildRules = (
			);
			dependencies = (
			);
			name = VideoVersionTwo;
			productName = VideoVersionTwo;
			productReference = D374259322D7920A00F36000 /* VideoVersionTwo.app */;
			productType = "com.apple.product-type.application";
		};
/* End PBXNativeTarget section */

/* Begin PBXProject section */
		D374258B22D7920A00F36000 /* Project object */ = {
			isa = PBXProject;
			attributes = {
				LastSwiftUpdateCheck = 1020;
				LastUpgradeCheck = 1020;
				ORGANIZATIONNAME = "Georgius Yoga Dewantama";
				TargetAttributes = {
					D374259222D7920A00F36000 = {
						CreatedOnToolsVersion = 10.2.1;
					};
				};
			};
			buildConfigurationList = D374258E22D7920A00F36000 /* Build configuration list for PBXProject "VideoVersionTwo" */;
			compatibilityVersion = "Xcode 9.3";
			developmentRegion = en;
			hasScannedForEncodings = 0;
			knownRegions = (
				en,
				Base,
			);
			mainGroup = D374258A22D7920A00F36000;
			productRefGroup = D374259422D7920A00F36000 /* Products */;
			projectDirPath = "";
			projectRoot = "";
			targets = (
				D374259222D7920A00F36000 /* VideoVersionTwo */,
			);
		};
/* End PBXProject section */

/* Begin PBXResourcesBuildPhase section */
		D374259122D7920A00F36000 /* Resources */ = {
			isa = PBXResourcesBuildPhase;
			buildActionMask = 2147483647;
			files = (
				D37425A422D7920A00F36000 /* LaunchScreen.storyboard in Resources */,
				8E7BAB6322E0012E00E51EC7 /* img_1.png in Resources */,
				8E7BAB6B22E0012E00E51EC7 /* ZoomInMovement.json in Resources */,
				8E7BAB6722E0012E00E51EC7 /* img_6.png in Resources */,
				D3D9411F22DC138800B2DCC0 /* art.scnassets in Resources */,
				8E7BAB7522E1F06300E51EC7 /* PlaneAnimation.json in Resources */,
				8E25417222DECEEF0017C8BB /* Status.storyboard in Resources */,
				8E7BAB6222E0012E00E51EC7 /* DOLLY IN.json in Resources */,
				8E7BAB6122E0012E00E51EC7 /* PAN.json in Resources */,
				8E7BAB6822E0012E00E51EC7 /* img_4.png in Resources */,
				8E7BAB6522E0012E00E51EC7 /* img_2.png in Resources */,
				8E7BAB6A22E0012E00E51EC7 /* Tilt.json in Resources */,
				8E7BAB6922E0012E00E51EC7 /* img_5.png in Resources */,
				D37425A122D7920A00F36000 /* Assets.xcassets in Resources */,
				D374259C22D7920A00F36000 /* Main.storyboard in Resources */,
				8E7BAB6422E0012E00E51EC7 /* img_0.png in Resources */,
				8E7BAB6622E0012E00E51EC7 /* img_3.png in Resources */,
			);
			runOnlyForDeploymentPostprocessing = 0;
		};
/* End PBXResourcesBuildPhase section */

/* Begin PBXShellScriptBuildPhase section */
		415D79A0BDC4B6680A0FD8DF /* [CP] Check Pods Manifest.lock */ = {
			isa = PBXShellScriptBuildPhase;
			buildActionMask = 2147483647;
			files = (
			);
			inputFileListPaths = (
			);
			inputPaths = (
				"${PODS_PODFILE_DIR_PATH}/Podfile.lock",
				"${PODS_ROOT}/Manifest.lock",
			);
			name = "[CP] Check Pods Manifest.lock";
			outputFileListPaths = (
			);
			outputPaths = (
				"$(DERIVED_FILE_DIR)/Pods-VideoVersionTwo-checkManifestLockResult.txt",
			);
			runOnlyForDeploymentPostprocessing = 0;
			shellPath = /bin/sh;
			shellScript = "diff \"${PODS_PODFILE_DIR_PATH}/Podfile.lock\" \"${PODS_ROOT}/Manifest.lock\" > /dev/null\nif [ $? != 0 ] ; then\n    # print error to STDERR\n    echo \"error: The sandbox is not in sync with the Podfile.lock. Run 'pod install' or update your CocoaPods installation.\" >&2\n    exit 1\nfi\n# This output is used by Xcode 'outputs' to avoid re-running this script phase.\necho \"SUCCESS\" > \"${SCRIPT_OUTPUT_FILE_0}\"\n";
			showEnvVarsInLog = 0;
		};
		814821AAC29092E3F82A32FD /* [CP] Embed Pods Frameworks */ = {
			isa = PBXShellScriptBuildPhase;
			buildActionMask = 2147483647;
			files = (
			);
			inputFileListPaths = (
				"${PODS_ROOT}/Target Support Files/Pods-VideoVersionTwo/Pods-VideoVersionTwo-frameworks-${CONFIGURATION}-input-files.xcfilelist",
			);
			name = "[CP] Embed Pods Frameworks";
			outputFileListPaths = (
				"${PODS_ROOT}/Target Support Files/Pods-VideoVersionTwo/Pods-VideoVersionTwo-frameworks-${CONFIGURATION}-output-files.xcfilelist",
			);
			runOnlyForDeploymentPostprocessing = 0;
			shellPath = /bin/sh;
			shellScript = "\"${PODS_ROOT}/Target Support Files/Pods-VideoVersionTwo/Pods-VideoVersionTwo-frameworks.sh\"\n";
			showEnvVarsInLog = 0;
		};
/* End PBXShellScriptBuildPhase section */

/* Begin PBXSourcesBuildPhase section */
		D374258F22D7920A00F36000 /* Sources */ = {
			isa = PBXSourcesBuildPhase;
			buildActionMask = 2147483647;
			files = (
				8E25416822DC440C0017C8BB /* Tilt.swift in Sources */,
				8EAE1BD522DF49D500AC3B51 /* Tracking.swift in Sources */,
				8E25416D22DEC9770017C8BB /* DataController.swift in Sources */,
				D374259F22D7920A00F36000 /* VideoVersionTwo.xcdatamodeld in Sources */,
				8E7BAB5422DF7ACD00E51EC7 /* Plane.swift in Sources */,
				8EAE1BD122DF1F3900AC3B51 /* Dolly.swift in Sources */,
				D3ED962622DC7DE30086F3DC /* CollectionViewCell.swift in Sources */,
				D3ED962422DC7D5C0086F3DC /* DetailsViewController.swift in Sources */,
				D374259922D7920A00F36000 /* ViewController.swift in Sources */,
				D391258A22E1A0EB00DF4183 /* Extension.swift in Sources */,
				8E25417522DECF360017C8BB /* StatusViewController.swift in Sources */,
				D3ED962822DC7E3A0086F3DC /* HomeViewController.swift in Sources */,
				D374259722D7920A00F36000 /* AppDelegate.swift in Sources */,
				8E25416622DC39C10017C8BB /* Pan.swift in Sources */,
				8E25416A22DE26840017C8BB /* CoreDataHelper.swift in Sources */,
				D37425AC22D7933000F36000 /* PageViewController.swift in Sources */,
				8E7BAB7122E05E6E00E51EC7 /* Shot.swift in Sources */,
				8E7BAB7322E07B9A00E51EC7 /* Angle.swift in Sources */,
				8E25417822DED1E30017C8BB /* MovementDetection.swift in Sources */,
				D383269B22D87F5900C53AA7 /* ARViewController.swift in Sources */,
				08E4F18122E037010052C0FE /* DetailCollectionViewCell.swift in Sources */,
				8E2576AB22E3171900B30374 /* CreditViewController.swift in Sources */,
			);
			runOnlyForDeploymentPostprocessing = 0;
		};
/* End PBXSourcesBuildPhase section */

/* Begin PBXVariantGroup section */
		D374259A22D7920A00F36000 /* Main.storyboard */ = {
			isa = PBXVariantGroup;
			children = (
				D374259B22D7920A00F36000 /* Base */,
			);
			name = Main.storyboard;
			sourceTree = "<group>";
		};
		D37425A222D7920A00F36000 /* LaunchScreen.storyboard */ = {
			isa = PBXVariantGroup;
			children = (
				D37425A322D7920A00F36000 /* Base */,
			);
			name = LaunchScreen.storyboard;
			sourceTree = "<group>";
		};
/* End PBXVariantGroup section */

/* Begin XCBuildConfiguration section */
		D37425A622D7920A00F36000 /* Debug */ = {
			isa = XCBuildConfiguration;
			buildSettings = {
				ALWAYS_SEARCH_USER_PATHS = NO;
				CLANG_ANALYZER_NONNULL = YES;
				CLANG_ANALYZER_NUMBER_OBJECT_CONVERSION = YES_AGGRESSIVE;
				CLANG_CXX_LANGUAGE_STANDARD = "gnu++14";
				CLANG_CXX_LIBRARY = "libc++";
				CLANG_ENABLE_MODULES = YES;
				CLANG_ENABLE_OBJC_ARC = YES;
				CLANG_ENABLE_OBJC_WEAK = YES;
				CLANG_WARN_BLOCK_CAPTURE_AUTORELEASING = YES;
				CLANG_WARN_BOOL_CONVERSION = YES;
				CLANG_WARN_COMMA = YES;
				CLANG_WARN_CONSTANT_CONVERSION = YES;
				CLANG_WARN_DEPRECATED_OBJC_IMPLEMENTATIONS = YES;
				CLANG_WARN_DIRECT_OBJC_ISA_USAGE = YES_ERROR;
				CLANG_WARN_DOCUMENTATION_COMMENTS = YES;
				CLANG_WARN_EMPTY_BODY = YES;
				CLANG_WARN_ENUM_CONVERSION = YES;
				CLANG_WARN_INFINITE_RECURSION = YES;
				CLANG_WARN_INT_CONVERSION = YES;
				CLANG_WARN_NON_LITERAL_NULL_CONVERSION = YES;
				CLANG_WARN_OBJC_IMPLICIT_RETAIN_SELF = YES;
				CLANG_WARN_OBJC_LITERAL_CONVERSION = YES;
				CLANG_WARN_OBJC_ROOT_CLASS = YES_ERROR;
				CLANG_WARN_RANGE_LOOP_ANALYSIS = YES;
				CLANG_WARN_STRICT_PROTOTYPES = YES;
				CLANG_WARN_SUSPICIOUS_MOVE = YES;
				CLANG_WARN_UNGUARDED_AVAILABILITY = YES_AGGRESSIVE;
				CLANG_WARN_UNREACHABLE_CODE = YES;
				CLANG_WARN__DUPLICATE_METHOD_MATCH = YES;
				CODE_SIGN_IDENTITY = "iPhone Developer";
				COPY_PHASE_STRIP = NO;
				DEBUG_INFORMATION_FORMAT = dwarf;
				ENABLE_STRICT_OBJC_MSGSEND = YES;
				ENABLE_TESTABILITY = YES;
				GCC_C_LANGUAGE_STANDARD = gnu11;
				GCC_DYNAMIC_NO_PIC = NO;
				GCC_NO_COMMON_BLOCKS = YES;
				GCC_OPTIMIZATION_LEVEL = 0;
				GCC_PREPROCESSOR_DEFINITIONS = (
					"DEBUG=1",
					"$(inherited)",
				);
				GCC_WARN_64_TO_32_BIT_CONVERSION = YES;
				GCC_WARN_ABOUT_RETURN_TYPE = YES_ERROR;
				GCC_WARN_UNDECLARED_SELECTOR = YES;
				GCC_WARN_UNINITIALIZED_AUTOS = YES_AGGRESSIVE;
				GCC_WARN_UNUSED_FUNCTION = YES;
				GCC_WARN_UNUSED_VARIABLE = YES;
				IPHONEOS_DEPLOYMENT_TARGET = 12.2;
				MTL_ENABLE_DEBUG_INFO = INCLUDE_SOURCE;
				MTL_FAST_MATH = YES;
				ONLY_ACTIVE_ARCH = YES;
				SDKROOT = iphoneos;
				SWIFT_ACTIVE_COMPILATION_CONDITIONS = DEBUG;
				SWIFT_OPTIMIZATION_LEVEL = "-Onone";
			};
			name = Debug;
		};
		D37425A722D7920A00F36000 /* Release */ = {
			isa = XCBuildConfiguration;
			buildSettings = {
				ALWAYS_SEARCH_USER_PATHS = NO;
				CLANG_ANALYZER_NONNULL = YES;
				CLANG_ANALYZER_NUMBER_OBJECT_CONVERSION = YES_AGGRESSIVE;
				CLANG_CXX_LANGUAGE_STANDARD = "gnu++14";
				CLANG_CXX_LIBRARY = "libc++";
				CLANG_ENABLE_MODULES = YES;
				CLANG_ENABLE_OBJC_ARC = YES;
				CLANG_ENABLE_OBJC_WEAK = YES;
				CLANG_WARN_BLOCK_CAPTURE_AUTORELEASING = YES;
				CLANG_WARN_BOOL_CONVERSION = YES;
				CLANG_WARN_COMMA = YES;
				CLANG_WARN_CONSTANT_CONVERSION = YES;
				CLANG_WARN_DEPRECATED_OBJC_IMPLEMENTATIONS = YES;
				CLANG_WARN_DIRECT_OBJC_ISA_USAGE = YES_ERROR;
				CLANG_WARN_DOCUMENTATION_COMMENTS = YES;
				CLANG_WARN_EMPTY_BODY = YES;
				CLANG_WARN_ENUM_CONVERSION = YES;
				CLANG_WARN_INFINITE_RECURSION = YES;
				CLANG_WARN_INT_CONVERSION = YES;
				CLANG_WARN_NON_LITERAL_NULL_CONVERSION = YES;
				CLANG_WARN_OBJC_IMPLICIT_RETAIN_SELF = YES;
				CLANG_WARN_OBJC_LITERAL_CONVERSION = YES;
				CLANG_WARN_OBJC_ROOT_CLASS = YES_ERROR;
				CLANG_WARN_RANGE_LOOP_ANALYSIS = YES;
				CLANG_WARN_STRICT_PROTOTYPES = YES;
				CLANG_WARN_SUSPICIOUS_MOVE = YES;
				CLANG_WARN_UNGUARDED_AVAILABILITY = YES_AGGRESSIVE;
				CLANG_WARN_UNREACHABLE_CODE = YES;
				CLANG_WARN__DUPLICATE_METHOD_MATCH = YES;
				CODE_SIGN_IDENTITY = "iPhone Developer";
				COPY_PHASE_STRIP = NO;
				DEBUG_INFORMATION_FORMAT = "dwarf-with-dsym";
				ENABLE_NS_ASSERTIONS = NO;
				ENABLE_STRICT_OBJC_MSGSEND = YES;
				GCC_C_LANGUAGE_STANDARD = gnu11;
				GCC_NO_COMMON_BLOCKS = YES;
				GCC_WARN_64_TO_32_BIT_CONVERSION = YES;
				GCC_WARN_ABOUT_RETURN_TYPE = YES_ERROR;
				GCC_WARN_UNDECLARED_SELECTOR = YES;
				GCC_WARN_UNINITIALIZED_AUTOS = YES_AGGRESSIVE;
				GCC_WARN_UNUSED_FUNCTION = YES;
				GCC_WARN_UNUSED_VARIABLE = YES;
				IPHONEOS_DEPLOYMENT_TARGET = 12.2;
				MTL_ENABLE_DEBUG_INFO = NO;
				MTL_FAST_MATH = YES;
				SDKROOT = iphoneos;
				SWIFT_COMPILATION_MODE = wholemodule;
				SWIFT_OPTIMIZATION_LEVEL = "-O";
				VALIDATE_PRODUCT = YES;
			};
			name = Release;
		};
		D37425A922D7920A00F36000 /* Debug */ = {
			isa = XCBuildConfiguration;
			baseConfigurationReference = E5B6BD678D6202F87923C383 /* Pods-VideoVersionTwo.debug.xcconfig */;
			buildSettings = {
				ASSETCATALOG_COMPILER_APPICON_NAME = AppIcon;
				CODE_SIGN_STYLE = Automatic;
				DEVELOPMENT_TEAM = 26R5URXZ3V;
				INFOPLIST_FILE = VideoVersionTwo/Info.plist;
				LD_RUNPATH_SEARCH_PATHS = (
					"$(inherited)",
					"@executable_path/Frameworks",
				);
				PRODUCT_BUNDLE_IDENTIFIER = com.AppleDev.VideoVersionTwo;
				PRODUCT_NAME = "$(TARGET_NAME)";
				SWIFT_VERSION = 5.0;
				TARGETED_DEVICE_FAMILY = "1,2";
			};
			name = Debug;
		};
		D37425AA22D7920A00F36000 /* Release */ = {
			isa = XCBuildConfiguration;
			baseConfigurationReference = 4E6F02CAC260ADB94778C18B /* Pods-VideoVersionTwo.release.xcconfig */;
			buildSettings = {
				ASSETCATALOG_COMPILER_APPICON_NAME = AppIcon;
				CODE_SIGN_STYLE = Automatic;
				DEVELOPMENT_TEAM = 26R5URXZ3V;
				INFOPLIST_FILE = VideoVersionTwo/Info.plist;
				LD_RUNPATH_SEARCH_PATHS = (
					"$(inherited)",
					"@executable_path/Frameworks",
				);
				PRODUCT_BUNDLE_IDENTIFIER = com.AppleDev.VideoVersionTwo;
				PRODUCT_NAME = "$(TARGET_NAME)";
				SWIFT_VERSION = 5.0;
				TARGETED_DEVICE_FAMILY = "1,2";
			};
			name = Release;
		};
/* End XCBuildConfiguration section */

/* Begin XCConfigurationList section */
		D374258E22D7920A00F36000 /* Build configuration list for PBXProject "VideoVersionTwo" */ = {
			isa = XCConfigurationList;
			buildConfigurations = (
				D37425A622D7920A00F36000 /* Debug */,
				D37425A722D7920A00F36000 /* Release */,
			);
			defaultConfigurationIsVisible = 0;
			defaultConfigurationName = Release;
		};
		D37425A822D7920A00F36000 /* Build configuration list for PBXNativeTarget "VideoVersionTwo" */ = {
			isa = XCConfigurationList;
			buildConfigurations = (
				D37425A922D7920A00F36000 /* Debug */,
				D37425AA22D7920A00F36000 /* Release */,
			);
			defaultConfigurationIsVisible = 0;
			defaultConfigurationName = Release;
		};
/* End XCConfigurationList section */

/* Begin XCVersionGroup section */
		D374259D22D7920A00F36000 /* VideoVersionTwo.xcdatamodeld */ = {
			isa = XCVersionGroup;
			children = (
				D374259E22D7920A00F36000 /* VideoVersionTwo.xcdatamodel */,
			);
			currentVersion = D374259E22D7920A00F36000 /* VideoVersionTwo.xcdatamodel */;
			path = VideoVersionTwo.xcdatamodeld;
			sourceTree = "<group>";
			versionGroupType = wrapper.xcdatamodel;
		};
/* End XCVersionGroup section */
	};
	rootObject = D374258B22D7920A00F36000 /* Project object */;
}
